
Microsoft Visual Studio Solution File, Format Version 12.00
# Visual Studio Version 17
VisualStudioVersion = 17.5.33516.290
MinimumVisualStudioVersion = 10.0.40219.1
Project("{FAE04EC0-301F-11D3-BF4B-00C04F79EFBC}") = "sistema", "sistema\sistema.csproj", "{B15B5AC8-212E-42B9-B599-20B2C239D28D}"
EndProject
Global
	GlobalSection(SolutionConfigurationPlatforms) = preSolution
		Debug|Any CPU = Debug|Any CPU
		Release|Any CPU = Release|Any CPU
	EndGlobalSection
	GlobalSection(ProjectConfigurationPlatforms) = postSolution
		{B15B5AC8-212E-42B9-B599-20B2C239D28D}.Debug|Any CPU.ActiveCfg = Debug|Any CPU
		{B15B5AC8-212E-42B9-B599-20B2C239D28D}.Debug|Any CPU.Build.0 = Debug|Any CPU
		{B15B5AC8-212E-42B9-B599-20B2C239D28D}.Release|Any CPU.ActiveCfg = Release|Any CPU
		{B15B5AC8-212E-42B9-B599-20B2C239D28D}.Release|Any CPU.Build.0 = Release|Any CPU
	EndGlobalSection
	GlobalSection(SolutionProperties) = preSolution
		HideSolutionNode = FALSE
	EndGlobalSection
	GlobalSection(ExtensibilityGlobals) = postSolution
		SolutionGuid = {B0266BE8-3E4A-40DE-B157-4F99143F70B6}
	EndGlobalSection
EndGlobal
